
Microsoft Visual Studio Solution File, Format Version 12.00
# Visual Studio Version 16
VisualStudioVersion = 16.0.29509.3
MinimumVisualStudioVersion = 10.0.40219.1
Project("{FAE04EC0-301F-11D3-BF4B-00C04F79EFBC}") = "RTSPViewer", "RTSPViewer\RTSPViewer.csproj", "{02DB636A-3BE1-4C9A-A8B2-9ACADCC26753}"
EndProject
Global
	GlobalSection(SolutionConfigurationPlatforms) = preSolution
		Debug|Any CPU = Debug|Any CPU
		Release|Any CPU = Release|Any CPU
	EndGlobalSection
	GlobalSection(ProjectConfigurationPlatforms) = postSolution
		{02DB636A-3BE1-4C9A-A8B2-9ACADCC26753}.Debug|Any CPU.ActiveCfg = Debug|Any CPU
		{02DB636A-3BE1-4C9A-A8B2-9ACADCC26753}.Debug|Any CPU.Build.0 = Debug|Any CPU
		{02DB636A-3BE1-4C9A-A8B2-9ACADCC26753}.Release|Any CPU.ActiveCfg = Release|Any CPU
		{02DB636A-3BE1-4C9A-A8B2-9ACADCC26753}.Release|Any CPU.Build.0 = Release|Any CPU
	EndGlobalSection
	GlobalSection(SolutionProperties) = preSolution
		HideSolutionNode = FALSE
	EndGlobalSection
	GlobalSection(ExtensibilityGlobals) = postSolution
		SolutionGuid = {E4C9E5B4-9936-4C6E-9C70-445F6FC4F352}
	EndGlobalSection
EndGlobal
